
Microsoft Visual Studio Solution File, Format Version 10.00
# Visual Studio 2008
Project("{F184B08F-C81C-45F6-A57F-5ABD9991F28F}") = "TibiaTek Bot", "TibiaTek Bot.vbproj", "{C00CA9B5-72A8-4BE5-B78E-15E17A557922}"
	ProjectSection(ProjectDependencies) = postProject
		{6EDB8131-F2B1-4763-8E2F-6AE9BD4D76FC} = {6EDB8131-F2B1-4763-8E2F-6AE9BD4D76FC}
	EndProjectSection
EndProject
Project("{F184B08F-C81C-45F6-A57F-5ABD9991F28F}") = "TibiaTek Bot Scripting Assembly", "..\TibiaTekBot Scripting Assembly\TibiaTek Bot Scripting Assembly.vbproj", "{F4FAE400-FF37-446A-BBEE-31ECED0C8FBA}"
	ProjectSection(ProjectDependencies) = postProject
		{6EDB8131-F2B1-4763-8E2F-6AE9BD4D76FC} = {6EDB8131-F2B1-4763-8E2F-6AE9BD4D76FC}
	EndProjectSection
EndProject
Project("{8BC9CEB8-8B4A-11D0-8D11-00A0C91BC942}") = "TibiaTekBot Injected DLL", "..\TibiaTekBot Injected DLL\TibiaTekBot Injected DLL.vcproj", "{6EDB8131-F2B1-4763-8E2F-6AE9BD4D76FC}"
EndProject
Global
	GlobalSection(SolutionConfigurationPlatforms) = preSolution
		Debug|Any CPU = Debug|Any CPU
		Debug|Mixed Platforms = Debug|Mixed Platforms
		Debug|Win32 = Debug|Win32
		Debug|x86 = Debug|x86
		Public|Any CPU = Public|Any CPU
		Public|Mixed Platforms = Public|Mixed Platforms
		Public|Win32 = Public|Win32
		Public|x86 = Public|x86
		Release|Any CPU = Release|Any CPU
		Release|Mixed Platforms = Release|Mixed Platforms
		Release|Win32 = Release|Win32
		Release|x86 = Release|x86
	EndGlobalSection
	GlobalSection(ProjectConfigurationPlatforms) = postSolution
		{C00CA9B5-72A8-4BE5-B78E-15E17A557922}.Debug|Any CPU.ActiveCfg = Debug|Any CPU
		{C00CA9B5-72A8-4BE5-B78E-15E17A557922}.Debug|Any CPU.Build.0 = Debug|Any CPU
		{C00CA9B5-72A8-4BE5-B78E-15E17A557922}.Debug|Mixed Platforms.ActiveCfg = Debug|Any CPU
		{C00CA9B5-72A8-4BE5-B78E-15E17A557922}.Debug|Mixed Platforms.Build.0 = Debug|Any CPU
		{C00CA9B5-72A8-4BE5-B78E-15E17A557922}.Debug|Win32.ActiveCfg = Debug|x86
		{C00CA9B5-72A8-4BE5-B78E-15E17A557922}.Debug|x86.ActiveCfg = Debug|x86
		{C00CA9B5-72A8-4BE5-B78E-15E17A557922}.Debug|x86.Build.0 = Debug|x86
		{C00CA9B5-72A8-4BE5-B78E-15E17A557922}.Public|Any CPU.ActiveCfg = Public|Any CPU
		{C00CA9B5-72A8-4BE5-B78E-15E17A557922}.Public|Any CPU.Build.0 = Public|Any CPU
		{C00CA9B5-72A8-4BE5-B78E-15E17A557922}.Public|Mixed Platforms.ActiveCfg = Public|x86
		{C00CA9B5-72A8-4BE5-B78E-15E17A557922}.Public|Mixed Platforms.Build.0 = Public|x86
		{C00CA9B5-72A8-4BE5-B78E-15E17A557922}.Public|Win32.ActiveCfg = Public|x86
		{C00CA9B5-72A8-4BE5-B78E-15E17A557922}.Public|x86.ActiveCfg = Public|x86
		{C00CA9B5-72A8-4BE5-B78E-15E17A557922}.Public|x86.Build.0 = Public|x86
		{C00CA9B5-72A8-4BE5-B78E-15E17A557922}.Release|Any CPU.ActiveCfg = Release|Any CPU
		{C00CA9B5-72A8-4BE5-B78E-15E17A557922}.Release|Any CPU.Build.0 = Release|Any CPU
		{C00CA9B5-72A8-4BE5-B78E-15E17A557922}.Release|Mixed Platforms.ActiveCfg = Release|x86
		{C00CA9B5-72A8-4BE5-B78E-15E17A557922}.Release|Mixed Platforms.Build.0 = Release|x86
		{C00CA9B5-72A8-4BE5-B78E-15E17A557922}.Release|Win32.ActiveCfg = Release|x86
		{C00CA9B5-72A8-4BE5-B78E-15E17A557922}.Release|x86.ActiveCfg = Release|x86
		{C00CA9B5-72A8-4BE5-B78E-15E17A557922}.Release|x86.Build.0 = Release|x86
		{F4FAE400-FF37-446A-BBEE-31ECED0C8FBA}.Debug|Any CPU.ActiveCfg = Debug|Any CPU
		{F4FAE400-FF37-446A-BBEE-31ECED0C8FBA}.Debug|Any CPU.Build.0 = Debug|Any CPU
		{F4FAE400-FF37-446A-BBEE-31ECED0C8FBA}.Debug|Mixed Platforms.ActiveCfg = Debug|Any CPU
		{F4FAE400-FF37-446A-BBEE-31ECED0C8FBA}.Debug|Mixed Platforms.Build.0 = Debug|Any CPU
		{F4FAE400-FF37-446A-BBEE-31ECED0C8FBA}.Debug|Win32.ActiveCfg = Debug|Any CPU
		{F4FAE400-FF37-446A-BBEE-31ECED0C8FBA}.Debug|x86.ActiveCfg = Debug|Any CPU
		{F4FAE400-FF37-446A-BBEE-31ECED0C8FBA}.Public|Any CPU.ActiveCfg = Release|Any CPU
		{F4FAE400-FF37-446A-BBEE-31ECED0C8FBA}.Public|Any CPU.Build.0 = Release|Any CPU
		{F4FAE400-FF37-446A-BBEE-31ECED0C8FBA}.Public|Mixed Platforms.ActiveCfg = Release|Any CPU
		{F4FAE400-FF37-446A-BBEE-31ECED0C8FBA}.Public|Mixed Platforms.Build.0 = Release|Any CPU
		{F4FAE400-FF37-446A-BBEE-31ECED0C8FBA}.Public|Win32.ActiveCfg = Release|Any CPU
		{F4FAE400-FF37-446A-BBEE-31ECED0C8FBA}.Public|x86.ActiveCfg = Release|Any CPU
		{F4FAE400-FF37-446A-BBEE-31ECED0C8FBA}.Release|Any CPU.ActiveCfg = Release|Any CPU
		{F4FAE400-FF37-446A-BBEE-31ECED0C8FBA}.Release|Any CPU.Build.0 = Release|Any CPU
		{F4FAE400-FF37-446A-BBEE-31ECED0C8FBA}.Release|Mixed Platforms.ActiveCfg = Release|Any CPU
		{F4FAE400-FF37-446A-BBEE-31ECED0C8FBA}.Release|Mixed Platforms.Build.0 = Release|Any CPU
		{F4FAE400-FF37-446A-BBEE-31ECED0C8FBA}.Release|Win32.ActiveCfg = Release|Any CPU
		{F4FAE400-FF37-446A-BBEE-31ECED0C8FBA}.Release|x86.ActiveCfg = Release|Any CPU
		{6EDB8131-F2B1-4763-8E2F-6AE9BD4D76FC}.Debug|Any CPU.ActiveCfg = Debug|Win32
		{6EDB8131-F2B1-4763-8E2F-6AE9BD4D76FC}.Debug|Any CPU.Build.0 = Debug|Win32
		{6EDB8131-F2B1-4763-8E2F-6AE9BD4D76FC}.Debug|Mixed Platforms.ActiveCfg = Debug|Win32
		{6EDB8131-F2B1-4763-8E2F-6AE9BD4D76FC}.Debug|Mixed Platforms.Build.0 = Debug|Win32
		{6EDB8131-F2B1-4763-8E2F-6AE9BD4D76FC}.Debug|Win32.ActiveCfg = Debug|Win32
		{6EDB8131-F2B1-4763-8E2F-6AE9BD4D76FC}.Debug|Win32.Build.0 = Debug|Win32
		{6EDB8131-F2B1-4763-8E2F-6AE9BD4D76FC}.Debug|x86.ActiveCfg = Debug|Win32
		{6EDB8131-F2B1-4763-8E2F-6AE9BD4D76FC}.Public|Any CPU.ActiveCfg = Release|Win32
		{6EDB8131-F2B1-4763-8E2F-6AE9BD4D76FC}.Public|Mixed Platforms.ActiveCfg = Release|Win32
		{6EDB8131-F2B1-4763-8E2F-6AE9BD4D76FC}.Public|Mixed Platforms.Build.0 = Release|Win32
		{6EDB8131-F2B1-4763-8E2F-6AE9BD4D76FC}.Public|Win32.ActiveCfg = Release|Win32
		{6EDB8131-F2B1-4763-8E2F-6AE9BD4D76FC}.Public|Win32.Build.0 = Release|Win32
		{6EDB8131-F2B1-4763-8E2F-6AE9BD4D76FC}.Public|x86.ActiveCfg = Release|Win32
		{6EDB8131-F2B1-4763-8E2F-6AE9BD4D76FC}.Release|Any CPU.ActiveCfg = Release|Win32
		{6EDB8131-F2B1-4763-8E2F-6AE9BD4D76FC}.Release|Mixed Platforms.ActiveCfg = Release|Win32
		{6EDB8131-F2B1-4763-8E2F-6AE9BD4D76FC}.Release|Mixed Platforms.Build.0 = Release|Win32
		{6EDB8131-F2B1-4763-8E2F-6AE9BD4D76FC}.Release|Win32.ActiveCfg = Release|Win32
		{6EDB8131-F2B1-4763-8E2F-6AE9BD4D76FC}.Release|Win32.Build.0 = Release|Win32
		{6EDB8131-F2B1-4763-8E2F-6AE9BD4D76FC}.Release|x86.ActiveCfg = Release|Win32
	EndGlobalSection
	GlobalSection(SolutionProperties) = preSolution
		HideSolutionNode = FALSE
	EndGlobalSection
EndGlobal
